
Microsoft Visual Studio Solution File, Format Version 12.00
# Visual Studio Version 17
VisualStudioVersion = 17.5.002.0
MinimumVisualStudioVersion = 10.0.40219.1
Project("{9A19103F-16F7-4668-BE54-9A1E7A4F7556}") = "Task1", "Task1.csproj", "{2C0928DF-56C8-4095-9FFC-36F2BF8DD42E}"
EndProject
Global
	GlobalSection(SolutionConfigurationPlatforms) = preSolution
		Debug|Any CPU = Debug|Any CPU
		Release|Any CPU = Release|Any CPU
	EndGlobalSection
	GlobalSection(ProjectConfigurationPlatforms) = postSolution
		{2C0928DF-56C8-4095-9FFC-36F2BF8DD42E}.Debug|Any CPU.ActiveCfg = Debug|Any CPU
		{2C0928DF-56C8-4095-9FFC-36F2BF8DD42E}.Debug|Any CPU.Build.0 = Debug|Any CPU
		{2C0928DF-56C8-4095-9FFC-36F2BF8DD42E}.Release|Any CPU.ActiveCfg = Release|Any CPU
		{2C0928DF-56C8-4095-9FFC-36F2BF8DD42E}.Release|Any CPU.Build.0 = Release|Any CPU
	EndGlobalSection
	GlobalSection(SolutionProperties) = preSolution
		HideSolutionNode = FALSE
	EndGlobalSection
	GlobalSection(ExtensibilityGlobals) = postSolution
		SolutionGuid = {762A7821-B883-4F50-A005-F5AEAB775C50}
	EndGlobalSection
EndGlobal
