
Microsoft Visual Studio Solution File, Format Version 12.00
# Visual Studio Version 17
VisualStudioVersion = 17.5.002.0
MinimumVisualStudioVersion = 10.0.40219.1
Project("{9A19103F-16F7-4668-BE54-9A1E7A4F7556}") = "Task2", "Task2.csproj", "{3F656397-D34A-41C8-991C-3FA27EFFC47C}"
EndProject
Global
	GlobalSection(SolutionConfigurationPlatforms) = preSolution
		Debug|Any CPU = Debug|Any CPU
		Release|Any CPU = Release|Any CPU
	EndGlobalSection
	GlobalSection(ProjectConfigurationPlatforms) = postSolution
		{3F656397-D34A-41C8-991C-3FA27EFFC47C}.Debug|Any CPU.ActiveCfg = Debug|Any CPU
		{3F656397-D34A-41C8-991C-3FA27EFFC47C}.Debug|Any CPU.Build.0 = Debug|Any CPU
		{3F656397-D34A-41C8-991C-3FA27EFFC47C}.Release|Any CPU.ActiveCfg = Release|Any CPU
		{3F656397-D34A-41C8-991C-3FA27EFFC47C}.Release|Any CPU.Build.0 = Release|Any CPU
	EndGlobalSection
	GlobalSection(SolutionProperties) = preSolution
		HideSolutionNode = FALSE
	EndGlobalSection
	GlobalSection(ExtensibilityGlobals) = postSolution
		SolutionGuid = {DA81C939-2CDA-4EB8-A134-4763037769A7}
	EndGlobalSection
EndGlobal
